
Microsoft Visual Studio Solution File, Format Version 12.00
# Visual Studio Version 17
VisualStudioVersion = 17.6.33723.286
MinimumVisualStudioVersion = 10.0.40219.1
Project("{FAE04EC0-301F-11D3-BF4B-00C04F79EFBC}") = "MulticastDelegate vs Delegate", "MulticastDelegate vs Delegate\MulticastDelegate vs Delegate.csproj", "{1C72281E-1DC2-4215-BD6A-BBDDB2771F4F}"
EndProject
Global
	GlobalSection(SolutionConfigurationPlatforms) = preSolution
		Debug|Any CPU = Debug|Any CPU
		Release|Any CPU = Release|Any CPU
	EndGlobalSection
	GlobalSection(ProjectConfigurationPlatforms) = postSolution
		{1C72281E-1DC2-4215-BD6A-BBDDB2771F4F}.Debug|Any CPU.ActiveCfg = Debug|Any CPU
		{1C72281E-1DC2-4215-BD6A-BBDDB2771F4F}.Debug|Any CPU.Build.0 = Debug|Any CPU
		{1C72281E-1DC2-4215-BD6A-BBDDB2771F4F}.Release|Any CPU.ActiveCfg = Release|Any CPU
		{1C72281E-1DC2-4215-BD6A-BBDDB2771F4F}.Release|Any CPU.Build.0 = Release|Any CPU
	EndGlobalSection
	GlobalSection(SolutionProperties) = preSolution
		HideSolutionNode = FALSE
	EndGlobalSection
	GlobalSection(ExtensibilityGlobals) = postSolution
		SolutionGuid = {1BE5C78A-8878-40FA-916E-18AAEE9102FE}
	EndGlobalSection
EndGlobal
